{
  "version": 4,
  "terraform_version": "1.1.7",
  "serial": 7,
  "lineage": "db968b43-b712-27af-1f5b-7da4894268ff",
  "outputs": {
    "ip_droplet": {
      "value": "143.198.167.99",
      "type": "string"
    }
  },
  "resources": [
    {
      "mode": "data",
      "type": "digitalocean_ssh_key",
      "name": "key_local",
      "provider": "provider[\"registry.terraform.io/digitalocean/digitalocean\"]",
      "instances": [
        {
          "schema_version": 0,
          "attributes": {
            "fingerprint": "fe:2f:23:f2:c1:7b:d7:b4:37:df:e3:12:0f:91:d3:f9",
            "id": 34287934,
            "name": "pc mak pro daian",
            "public_key": "ssh-rsa AAAAB3NzaC1yc2EAAAADAQABAAABgQCpMioLRRpV70Ei0HmjBsEh9NPM5g560565NCodJzRb6kl7J97wiK7m6zddyGwWZ+mxrN4rOWfqsRzEVANOnoJntQtqKloSWdB81bW9HFZQrwaW2D1cjAiiKWSEA+HyuXi2649udnt7p2c6IFUK65dRLKD8pNUEPe1zauoWh36GKwlXJYaJBhPqzcsR38uQvCfogVcMVJARQo+I6l0ngmu0DJ0PS8xIpXQbI4TRsHhh9sw7hTB3wJcKr2wK0BW8nl6dxEu4tZwMsb1eL2Z/L2panyk6t37MxatzNHBRHMq4vKVlbDtQKhpXxjj59YoX7hhipVVQwgURTGJHeIRhA9XhZKDqJ8uwsdQQIYlP2RKClFaJe6a+tGUmBJDmCB38r1DL5gfuLqT0fT7PQ5AmBSHRWlZ3Oyc7RMHv4rMirv+AB9axmWqcFW+7rJjwxlKnidRnaUGmFEKa6Vqdjb9li/CmnnSaCRLm9kCKIxekVjc1w8tZLnmLkut7gQJB9Q1fjNs= daiancosta@192.168.0.174"
          },
          "sensitive_attributes": []
        }
      ]
    },
    {
      "mode": "managed",
      "type": "digitalocean_droplet",
      "name": "vm_live_tf",
      "provider": "provider[\"registry.terraform.io/digitalocean/digitalocean\"]",
      "instances": [
        {
          "schema_version": 1,
          "attributes": {
            "backups": false,
            "created_at": "2022-04-20T20:07:07Z",
            "disk": 50,
            "droplet_agent": null,
            "graceful_shutdown": false,
            "id": "296283661",
            "image": "ubuntu-20-04-x64",
            "ipv4_address": "143.198.167.99",
            "ipv4_address_private": "10.116.0.2",
            "ipv6": false,
            "ipv6_address": "",
            "locked": false,
            "memory": 2048,
            "monitoring": false,
            "name": "vm-live-tf",
            "price_hourly": 0.01488,
            "price_monthly": 10,
            "private_networking": true,
            "region": "nyc1",
            "resize_disk": true,
            "size": "s-1vcpu-2gb",
            "ssh_keys": [
              "34287934"
            ],
            "status": "active",
            "tags": [],
            "urn": "do:droplet:296283661",
            "user_data": null,
            "vcpus": 1,
            "volume_ids": [],
            "vpc_uuid": "8d636b9d-be09-4821-810a-e121d76da99c"
          },
          "sensitive_attributes": [],
          "private": "eyJzY2hlbWFfdmVyc2lvbiI6IjEifQ==",
          "dependencies": [
            "data.digitalocean_ssh_key.key_local"
          ]
        }
      ]
    }
  ]
}
